
Microsoft Visual Studio Solution File, Format Version 12.00
# Visual Studio 15
VisualStudioVersion = 15.0.27130.2010
MinimumVisualStudioVersion = 10.0.40219.1
Project("{FAE04EC0-301F-11D3-BF4B-00C04F79EFBC}") = "HostA", "HostA\HostA.csproj", "{B0321CD5-5699-4900-A22D-010B977DEF79}"
EndProject
Project("{FAE04EC0-301F-11D3-BF4B-00C04F79EFBC}") = "HostAServerClient", "HostAServerClient\HostAServerClient.csproj", "{B30E3936-52C0-4D2B-8B5A-A556C2FC57C7}"
EndProject
Project("{FAE04EC0-301F-11D3-BF4B-00C04F79EFBC}") = "MerkleTree", "MerkleTree-master\MerkleTree.csproj", "{358A7214-D45D-4743-99ED-02A81C4B8617}"
EndProject
Global
	GlobalSection(SolutionConfigurationPlatforms) = preSolution
		Debug|Any CPU = Debug|Any CPU
		Release|Any CPU = Release|Any CPU
	EndGlobalSection
	GlobalSection(ProjectConfigurationPlatforms) = postSolution
		{B0321CD5-5699-4900-A22D-010B977DEF79}.Debug|Any CPU.ActiveCfg = Debug|Any CPU
		{B0321CD5-5699-4900-A22D-010B977DEF79}.Debug|Any CPU.Build.0 = Debug|Any CPU
		{B0321CD5-5699-4900-A22D-010B977DEF79}.Release|Any CPU.ActiveCfg = Release|Any CPU
		{B0321CD5-5699-4900-A22D-010B977DEF79}.Release|Any CPU.Build.0 = Release|Any CPU
		{B30E3936-52C0-4D2B-8B5A-A556C2FC57C7}.Debug|Any CPU.ActiveCfg = Debug|Any CPU
		{B30E3936-52C0-4D2B-8B5A-A556C2FC57C7}.Debug|Any CPU.Build.0 = Debug|Any CPU
		{B30E3936-52C0-4D2B-8B5A-A556C2FC57C7}.Release|Any CPU.ActiveCfg = Release|Any CPU
		{B30E3936-52C0-4D2B-8B5A-A556C2FC57C7}.Release|Any CPU.Build.0 = Release|Any CPU
		{358A7214-D45D-4743-99ED-02A81C4B8617}.Debug|Any CPU.ActiveCfg = Debug|Any CPU
		{358A7214-D45D-4743-99ED-02A81C4B8617}.Debug|Any CPU.Build.0 = Debug|Any CPU
		{358A7214-D45D-4743-99ED-02A81C4B8617}.Release|Any CPU.ActiveCfg = Release|Any CPU
		{358A7214-D45D-4743-99ED-02A81C4B8617}.Release|Any CPU.Build.0 = Release|Any CPU
	EndGlobalSection
	GlobalSection(SolutionProperties) = preSolution
		HideSolutionNode = FALSE
	EndGlobalSection
	GlobalSection(ExtensibilityGlobals) = postSolution
		SolutionGuid = {46714496-5F0C-430B-AE11-852FBFFD9614}
	EndGlobalSection
EndGlobal
